
Microsoft Visual Studio Solution File, Format Version 12.00
# Visual Studio Version 17
VisualStudioVersion = 17.7.34221.43
MinimumVisualStudioVersion = 10.0.40219.1
Project("{9A19103F-16F7-4668-BE54-9A1E7A4F7556}") = "ReadAnImage", "ReadAnImage\ReadAnImage.csproj", "{CA902091-6DE1-43EB-806A-13F3A2FFE3A4}"
EndProject
Project("{FAE04EC0-301F-11D3-BF4B-00C04F79EFBC}") = "ReadMultipleImages", "ReadMultipleImages\ReadMultipleImages.csproj", "{9C166401-CEC8-4BA0-BDE9-3B0F366E4F42}"
EndProject
Global
	GlobalSection(SolutionConfigurationPlatforms) = preSolution
		Debug|Any CPU = Debug|Any CPU
		Release|Any CPU = Release|Any CPU
	EndGlobalSection
	GlobalSection(ProjectConfigurationPlatforms) = postSolution
		{CA902091-6DE1-43EB-806A-13F3A2FFE3A4}.Debug|Any CPU.ActiveCfg = Debug|Any CPU
		{CA902091-6DE1-43EB-806A-13F3A2FFE3A4}.Debug|Any CPU.Build.0 = Debug|Any CPU
		{CA902091-6DE1-43EB-806A-13F3A2FFE3A4}.Release|Any CPU.ActiveCfg = Release|Any CPU
		{CA902091-6DE1-43EB-806A-13F3A2FFE3A4}.Release|Any CPU.Build.0 = Release|Any CPU
		{9C166401-CEC8-4BA0-BDE9-3B0F366E4F42}.Debug|Any CPU.ActiveCfg = Debug|Any CPU
		{9C166401-CEC8-4BA0-BDE9-3B0F366E4F42}.Debug|Any CPU.Build.0 = Debug|Any CPU
		{9C166401-CEC8-4BA0-BDE9-3B0F366E4F42}.Release|Any CPU.ActiveCfg = Release|Any CPU
		{9C166401-CEC8-4BA0-BDE9-3B0F366E4F42}.Release|Any CPU.Build.0 = Release|Any CPU
	EndGlobalSection
	GlobalSection(SolutionProperties) = preSolution
		HideSolutionNode = FALSE
	EndGlobalSection
	GlobalSection(ExtensibilityGlobals) = postSolution
		SolutionGuid = {F01351FE-6AD0-40F2-B084-D44E1AA3378E}
	EndGlobalSection
EndGlobal
