
Microsoft Visual Studio Solution File, Format Version 12.00
# Visual Studio Version 17
VisualStudioVersion = 17.10.35013.160
MinimumVisualStudioVersion = 10.0.40219.1
Project("{FAE04EC0-301F-11D3-BF4B-00C04F79EFBC}") = "GeneralSettings", "GeneralSettings.csproj", "{EE194E32-2132-4143-B4F3-DFE0BC7ECE80}"
EndProject
Global
	GlobalSection(SolutionConfigurationPlatforms) = preSolution
		Debug|Any CPU = Debug|Any CPU
		Release|Any CPU = Release|Any CPU
	EndGlobalSection
	GlobalSection(ProjectConfigurationPlatforms) = postSolution
		{EE194E32-2132-4143-B4F3-DFE0BC7ECE80}.Debug|Any CPU.ActiveCfg = Debug|Any CPU
		{EE194E32-2132-4143-B4F3-DFE0BC7ECE80}.Debug|Any CPU.Build.0 = Debug|Any CPU
		{EE194E32-2132-4143-B4F3-DFE0BC7ECE80}.Release|Any CPU.ActiveCfg = Release|Any CPU
		{EE194E32-2132-4143-B4F3-DFE0BC7ECE80}.Release|Any CPU.Build.0 = Release|Any CPU
	EndGlobalSection
	GlobalSection(SolutionProperties) = preSolution
		HideSolutionNode = FALSE
	EndGlobalSection
	GlobalSection(ExtensibilityGlobals) = postSolution
		SolutionGuid = {EE3A9A50-C065-401B-9558-E96FBBAE5D96}
	EndGlobalSection
EndGlobal
